// !$*UTF8*$!
{
	archiveVersion = 1;
	classes = {
	};
	objectVersion = 50;
	objects = {

/* Begin PBXBuildFile section */
		DC870522262A1452007AF4B5 /* AppDelegate.swift in Sources */ = {isa = PBXBuildFile; fileRef = DC870521262A1452007AF4B5 /* AppDelegate.swift */; };
		DC870524262A1452007AF4B5 /* SceneDelegate.swift in Sources */ = {isa = PBXBuildFile; fileRef = DC870523262A1452007AF4B5 /* SceneDelegate.swift */; };
		DC870529262A1452007AF4B5 /* Main.storyboard in Resources */ = {isa = PBXBuildFile; fileRef = DC870527262A1452007AF4B5 /* Main.storyboard */; };
		DC87052B262A1453007AF4B5 /* Assets.xcassets in Resources */ = {isa = PBXBuildFile; fileRef = DC87052A262A1453007AF4B5 /* Assets.xcassets */; };
		DC87052E262A1453007AF4B5 /* LaunchScreen.storyboard in Resources */ = {isa = PBXBuildFile; fileRef = DC87052C262A1453007AF4B5 /* LaunchScreen.storyboard */; };
		DC87055A262A17D1007AF4B5 /* APIManager.swift in Sources */ = {isa = PBXBuildFile; fileRef = DC870559262A17D1007AF4B5 /* APIManager.swift */; };
		DC87055D262A180E007AF4B5 /* ReposModel.swift in Sources */ = {isa = PBXBuildFile; fileRef = DC87055C262A180E007AF4B5 /* ReposModel.swift */; };
		DC870562262A1861007AF4B5 /* Constants.swift in Sources */ = {isa = PBXBuildFile; fileRef = DC870561262A1861007AF4B5 /* Constants.swift */; };
		DC870567262A194C007AF4B5 /* RepositoriesVC.swift in Sources */ = {isa = PBXBuildFile; fileRef = DC870566262A194C007AF4B5 /* RepositoriesVC.swift */; };
		DC870572262A1E61007AF4B5 /* UITableViewExtenion.swift in Sources */ = {isa = PBXBuildFile; fileRef = DC870571262A1E61007AF4B5 /* UITableViewExtenion.swift */; };
		DC870576262A1EA8007AF4B5 /* RepositoriesCell.swift in Sources */ = {isa = PBXBuildFile; fileRef = DC870574262A1EA8007AF4B5 /* RepositoriesCell.swift */; };
		DC870577262A1EA8007AF4B5 /* RepositoriesCell.xib in Resources */ = {isa = PBXBuildFile; fileRef = DC870575262A1EA8007AF4B5 /* RepositoriesCell.xib */; };
		DC87057A262A2191007AF4B5 /* CustomImageView.swift in Sources */ = {isa = PBXBuildFile; fileRef = DC870579262A2191007AF4B5 /* CustomImageView.swift */; };
		DC87057D262A2555007AF4B5 /* ControllerProvider.swift in Sources */ = {isa = PBXBuildFile; fileRef = DC87057C262A2555007AF4B5 /* ControllerProvider.swift */; };
		DC870580262A25D6007AF4B5 /* RepositoryDetailsVC.swift in Sources */ = {isa = PBXBuildFile; fileRef = DC87057F262A25D6007AF4B5 /* RepositoryDetailsVC.swift */; };
		DC870583262A270D007AF4B5 /* RepoDetails.swift in Sources */ = {isa = PBXBuildFile; fileRef = DC870582262A270D007AF4B5 /* RepoDetails.swift */; };
		DC870586262A2755007AF4B5 /* Extensions.swift in Sources */ = {isa = PBXBuildFile; fileRef = DC870585262A2755007AF4B5 /* Extensions.swift */; };
/* End PBXBuildFile section */

/* Begin PBXFileReference section */
		DC87051E262A1452007AF4B5 /* RobustaTask.app */ = {isa = PBXFileReference; explicitFileType = wrapper.application; includeInIndex = 0; path = RobustaTask.app; sourceTree = BUILT_PRODUCTS_DIR; };
		DC870521262A1452007AF4B5 /* AppDelegate.swift */ = {isa = PBXFileReference; lastKnownFileType = sourcecode.swift; path = AppDelegate.swift; sourceTree = "<group>"; };
		DC870523262A1452007AF4B5 /* SceneDelegate.swift */ = {isa = PBXFileReference; lastKnownFileType = sourcecode.swift; path = SceneDelegate.swift; sourceTree = "<group>"; };
		DC870528262A1452007AF4B5 /* Base */ = {isa = PBXFileReference; lastKnownFileType = file.storyboard; name = Base; path = Base.lproj/Main.storyboard; sourceTree = "<group>"; };
		DC87052A262A1453007AF4B5 /* Assets.xcassets */ = {isa = PBXFileReference; lastKnownFileType = folder.assetcatalog; path = Assets.xcassets; sourceTree = "<group>"; };
		DC87052D262A1453007AF4B5 /* Base */ = {isa = PBXFileReference; lastKnownFileType = file.storyboard; name = Base; path = Base.lproj/LaunchScreen.storyboard; sourceTree = "<group>"; };
		DC87052F262A1453007AF4B5 /* Info.plist */ = {isa = PBXFileReference; lastKnownFileType = text.plist.xml; path = Info.plist; sourceTree = "<group>"; };
		DC870559262A17D1007AF4B5 /* APIManager.swift */ = {isa = PBXFileReference; lastKnownFileType = sourcecode.swift; path = APIManager.swift; sourceTree = "<group>"; };
		DC87055C262A180E007AF4B5 /* ReposModel.swift */ = {isa = PBXFileReference; lastKnownFileType = sourcecode.swift; path = ReposModel.swift; sourceTree = "<group>"; };
		DC870561262A1861007AF4B5 /* Constants.swift */ = {isa = PBXFileReference; lastKnownFileType = sourcecode.swift; path = Constants.swift; sourceTree = "<group>"; };
		DC870566262A194C007AF4B5 /* RepositoriesVC.swift */ = {isa = PBXFileReference; lastKnownFileType = sourcecode.swift; path = RepositoriesVC.swift; sourceTree = "<group>"; };
		DC870571262A1E61007AF4B5 /* UITableViewExtenion.swift */ = {isa = PBXFileReference; lastKnownFileType = sourcecode.swift; path = UITableViewExtenion.swift; sourceTree = "<group>"; };
		DC870574262A1EA8007AF4B5 /* RepositoriesCell.swift */ = {isa = PBXFileReference; lastKnownFileType = sourcecode.swift; path = RepositoriesCell.swift; sourceTree = "<group>"; };
		DC870575262A1EA8007AF4B5 /* RepositoriesCell.xib */ = {isa = PBXFileReference; lastKnownFileType = file.xib; path = RepositoriesCell.xib; sourceTree = "<group>"; };
		DC870579262A2191007AF4B5 /* CustomImageView.swift */ = {isa = PBXFileReference; lastKnownFileType = sourcecode.swift; path = CustomImageView.swift; sourceTree = "<group>"; };
		DC87057C262A2555007AF4B5 /* ControllerProvider.swift */ = {isa = PBXFileReference; lastKnownFileType = sourcecode.swift; path = ControllerProvider.swift; sourceTree = "<group>"; };
		DC87057F262A25D6007AF4B5 /* RepositoryDetailsVC.swift */ = {isa = PBXFileReference; lastKnownFileType = sourcecode.swift; path = RepositoryDetailsVC.swift; sourceTree = "<group>"; };
		DC870582262A270D007AF4B5 /* RepoDetails.swift */ = {isa = PBXFileReference; lastKnownFileType = sourcecode.swift; path = RepoDetails.swift; sourceTree = "<group>"; };
		DC870585262A2755007AF4B5 /* Extensions.swift */ = {isa = PBXFileReference; lastKnownFileType = sourcecode.swift; path = Extensions.swift; sourceTree = "<group>"; };
/* End PBXFileReference section */

/* Begin PBXFrameworksBuildPhase section */
		DC87051B262A1452007AF4B5 /* Frameworks */ = {
			isa = PBXFrameworksBuildPhase;
			buildActionMask = 2147483647;
			files = (
			);
			runOnlyForDeploymentPostprocessing = 0;
		};
/* End PBXFrameworksBuildPhase section */

/* Begin PBXGroup section */
		DC870515262A1452007AF4B5 = {
			isa = PBXGroup;
			children = (
				DC870520262A1452007AF4B5 /* RobustaTask */,
				DC87051F262A1452007AF4B5 /* Products */,
			);
			sourceTree = "<group>";
		};
		DC87051F262A1452007AF4B5 /* Products */ = {
			isa = PBXGroup;
			children = (
				DC87051E262A1452007AF4B5 /* RobustaTask.app */,
			);
			name = Products;
			sourceTree = "<group>";
		};
		DC870520262A1452007AF4B5 /* RobustaTask */ = {
			isa = PBXGroup;
			children = (
				DC870570262A1A8D007AF4B5 /* Assets */,
				DC87056F262A1A7F007AF4B5 /* View */,
				DC87056E262A1A42007AF4B5 /* AppDelegate&SceneDelegate */,
				DC87056A262A198A007AF4B5 /* Model */,
				DC870569262A1980007AF4B5 /* Controller */,
				DC87055F262A181E007AF4B5 /* Helpers */,
				DC87052F262A1453007AF4B5 /* Info.plist */,
			);
			path = RobustaTask;
			sourceTree = "<group>";
		};
		DC87055F262A181E007AF4B5 /* Helpers */ = {
			isa = PBXGroup;
			children = (
				DC870560262A1825007AF4B5 /* Network */,
				DC870561262A1861007AF4B5 /* Constants.swift */,
				DC870571262A1E61007AF4B5 /* UITableViewExtenion.swift */,
				DC870579262A2191007AF4B5 /* CustomImageView.swift */,
				DC87057C262A2555007AF4B5 /* ControllerProvider.swift */,
				DC870585262A2755007AF4B5 /* Extensions.swift */,
			);
			path = Helpers;
			sourceTree = "<group>";
		};
		DC870560262A1825007AF4B5 /* Network */ = {
			isa = PBXGroup;
			children = (
				DC870559262A17D1007AF4B5 /* APIManager.swift */,
			);
			path = Network;
			sourceTree = "<group>";
		};
		DC870569262A1980007AF4B5 /* Controller */ = {
			isa = PBXGroup;
			children = (
				DC870566262A194C007AF4B5 /* RepositoriesVC.swift */,
				DC87057F262A25D6007AF4B5 /* RepositoryDetailsVC.swift */,
			);
			path = Controller;
			sourceTree = "<group>";
		};
		DC87056A262A198A007AF4B5 /* Model */ = {
			isa = PBXGroup;
			children = (
				DC87055C262A180E007AF4B5 /* ReposModel.swift */,
				DC870582262A270D007AF4B5 /* RepoDetails.swift */,
			);
			path = Model;
			sourceTree = "<group>";
		};
		DC87056E262A1A42007AF4B5 /* AppDelegate&SceneDelegate */ = {
			isa = PBXGroup;
			children = (
				DC870523262A1452007AF4B5 /* SceneDelegate.swift */,
				DC870521262A1452007AF4B5 /* AppDelegate.swift */,
			);
			path = "AppDelegate&SceneDelegate";
			sourceTree = "<group>";
		};
		DC87056F262A1A7F007AF4B5 /* View */ = {
			isa = PBXGroup;
			children = (
				DC870527262A1452007AF4B5 /* Main.storyboard */,
				DC87052C262A1453007AF4B5 /* LaunchScreen.storyboard */,
				DC870574262A1EA8007AF4B5 /* RepositoriesCell.swift */,
				DC870575262A1EA8007AF4B5 /* RepositoriesCell.xib */,
			);
			path = View;
			sourceTree = "<group>";
		};
		DC870570262A1A8D007AF4B5 /* Assets */ = {
			isa = PBXGroup;
			children = (
				DC87052A262A1453007AF4B5 /* Assets.xcassets */,
			);
			path = Assets;
			sourceTree = "<group>";
		};
/* End PBXGroup section */

/* Begin PBXNativeTarget section */
		DC87051D262A1452007AF4B5 /* RobustaTask */ = {
			isa = PBXNativeTarget;
			buildConfigurationList = DC870532262A1453007AF4B5 /* Build configuration list for PBXNativeTarget "RobustaTask" */;
			buildPhases = (
				DC87051A262A1452007AF4B5 /* Sources */,
				DC87051B262A1452007AF4B5 /* Frameworks */,
				DC87051C262A1452007AF4B5 /* Resources */,
			);
			buildRules = (
			);
			dependencies = (
			);
			name = RobustaTask;
			productName = RobustaTask;
			productReference = DC87051E262A1452007AF4B5 /* RobustaTask.app */;
			productType = "com.apple.product-type.application";
		};
/* End PBXNativeTarget section */

/* Begin PBXProject section */
		DC870516262A1452007AF4B5 /* Project object */ = {
			isa = PBXProject;
			attributes = {
				LastSwiftUpdateCheck = 1240;
				LastUpgradeCheck = 1240;
				TargetAttributes = {
					DC87051D262A1452007AF4B5 = {
						CreatedOnToolsVersion = 12.4;
					};
				};
			};
			buildConfigurationList = DC870519262A1452007AF4B5 /* Build configuration list for PBXProject "RobustaTask" */;
			compatibilityVersion = "Xcode 9.3";
			developmentRegion = en;
			hasScannedForEncodings = 0;
			knownRegions = (
				en,
				Base,
			);
			mainGroup = DC870515262A1452007AF4B5;
			productRefGroup = DC87051F262A1452007AF4B5 /* Products */;
			projectDirPath = "";
			projectRoot = "";
			targets = (
				DC87051D262A1452007AF4B5 /* RobustaTask */,
			);
		};
/* End PBXProject section */

/* Begin PBXResourcesBuildPhase section */
		DC87051C262A1452007AF4B5 /* Resources */ = {
			isa = PBXResourcesBuildPhase;
			buildActionMask = 2147483647;
			files = (
				DC87052E262A1453007AF4B5 /* LaunchScreen.storyboard in Resources */,
				DC870577262A1EA8007AF4B5 /* RepositoriesCell.xib in Resources */,
				DC87052B262A1453007AF4B5 /* Assets.xcassets in Resources */,
				DC870529262A1452007AF4B5 /* Main.storyboard in Resources */,
			);
			runOnlyForDeploymentPostprocessing = 0;
		};
/* End PBXResourcesBuildPhase section */

/* Begin PBXSourcesBuildPhase section */
		DC87051A262A1452007AF4B5 /* Sources */ = {
			isa = PBXSourcesBuildPhase;
			buildActionMask = 2147483647;
			files = (
				DC870583262A270D007AF4B5 /* RepoDetails.swift in Sources */,
				DC87057D262A2555007AF4B5 /* ControllerProvider.swift in Sources */,
				DC870567262A194C007AF4B5 /* RepositoriesVC.swift in Sources */,
				DC87057A262A2191007AF4B5 /* CustomImageView.swift in Sources */,
				DC870576262A1EA8007AF4B5 /* RepositoriesCell.swift in Sources */,
				DC87055A262A17D1007AF4B5 /* APIManager.swift in Sources */,
				DC87055D262A180E007AF4B5 /* ReposModel.swift in Sources */,
				DC870522262A1452007AF4B5 /* AppDelegate.swift in Sources */,
				DC870586262A2755007AF4B5 /* Extensions.swift in Sources */,
				DC870572262A1E61007AF4B5 /* UITableViewExtenion.swift in Sources */,
				DC870524262A1452007AF4B5 /* SceneDelegate.swift in Sources */,
				DC870562262A1861007AF4B5 /* Constants.swift in Sources */,
				DC870580262A25D6007AF4B5 /* RepositoryDetailsVC.swift in Sources */,
			);
			runOnlyForDeploymentPostprocessing = 0;
		};
/* End PBXSourcesBuildPhase section */

/* Begin PBXVariantGroup section */
		DC870527262A1452007AF4B5 /* Main.storyboard */ = {
			isa = PBXVariantGroup;
			children = (
				DC870528262A1452007AF4B5 /* Base */,
			);
			name = Main.storyboard;
			sourceTree = "<group>";
		};
		DC87052C262A1453007AF4B5 /* LaunchScreen.storyboard */ = {
			isa = PBXVariantGroup;
			children = (
				DC87052D262A1453007AF4B5 /* Base */,
			);
			name = LaunchScreen.storyboard;
			sourceTree = "<group>";
		};
/* End PBXVariantGroup section */

/* Begin XCBuildConfiguration section */
		DC870530262A1453007AF4B5 /* Debug */ = {
			isa = XCBuildConfiguration;
			buildSettings = {
				ALWAYS_SEARCH_USER_PATHS = NO;
				CLANG_ANALYZER_NONNULL = YES;
				CLANG_ANALYZER_NUMBER_OBJECT_CONVERSION = YES_AGGRESSIVE;
				CLANG_CXX_LANGUAGE_STANDARD = "gnu++14";
				CLANG_CXX_LIBRARY = "libc++";
				CLANG_ENABLE_MODULES = YES;
				CLANG_ENABLE_OBJC_ARC = YES;
				CLANG_ENABLE_OBJC_WEAK = YES;
				CLANG_WARN_BLOCK_CAPTURE_AUTORELEASING = YES;
				CLANG_WARN_BOOL_CONVERSION = YES;
				CLANG_WARN_COMMA = YES;
				CLANG_WARN_CONSTANT_CONVERSION = YES;
				CLANG_WARN_DEPRECATED_OBJC_IMPLEMENTATIONS = YES;
				CLANG_WARN_DIRECT_OBJC_ISA_USAGE = YES_ERROR;
				CLANG_WARN_DOCUMENTATION_COMMENTS = YES;
				CLANG_WARN_EMPTY_BODY = YES;
				CLANG_WARN_ENUM_CONVERSION = YES;
				CLANG_WARN_INFINITE_RECURSION = YES;
				CLANG_WARN_INT_CONVERSION = YES;
				CLANG_WARN_NON_LITERAL_NULL_CONVERSION = YES;
				CLANG_WARN_OBJC_IMPLICIT_RETAIN_SELF = YES;
				CLANG_WARN_OBJC_LITERAL_CONVERSION = YES;
				CLANG_WARN_OBJC_ROOT_CLASS = YES_ERROR;
				CLANG_WARN_QUOTED_INCLUDE_IN_FRAMEWORK_HEADER = YES;
				CLANG_WARN_RANGE_LOOP_ANALYSIS = YES;
				CLANG_WARN_STRICT_PROTOTYPES = YES;
				CLANG_WARN_SUSPICIOUS_MOVE = YES;
				CLANG_WARN_UNGUARDED_AVAILABILITY = YES_AGGRESSIVE;
				CLANG_WARN_UNREACHABLE_CODE = YES;
				CLANG_WARN__DUPLICATE_METHOD_MATCH = YES;
				COPY_PHASE_STRIP = NO;
				DEBUG_INFORMATION_FORMAT = dwarf;
				ENABLE_STRICT_OBJC_MSGSEND = YES;
				ENABLE_TESTABILITY = YES;
				GCC_C_LANGUAGE_STANDARD = gnu11;
				GCC_DYNAMIC_NO_PIC = NO;
				GCC_NO_COMMON_BLOCKS = YES;
				GCC_OPTIMIZATION_LEVEL = 0;
				GCC_PREPROCESSOR_DEFINITIONS = (
					"DEBUG=1",
					"$(inherited)",
				);
				GCC_WARN_64_TO_32_BIT_CONVERSION = YES;
				GCC_WARN_ABOUT_RETURN_TYPE = YES_ERROR;
				GCC_WARN_UNDECLARED_SELECTOR = YES;
				GCC_WARN_UNINITIALIZED_AUTOS = YES_AGGRESSIVE;
				GCC_WARN_UNUSED_FUNCTION = YES;
				GCC_WARN_UNUSED_VARIABLE = YES;
				IPHONEOS_DEPLOYMENT_TARGET = 14.4;
				MTL_ENABLE_DEBUG_INFO = INCLUDE_SOURCE;
				MTL_FAST_MATH = YES;
				ONLY_ACTIVE_ARCH = YES;
				SDKROOT = iphoneos;
				SWIFT_ACTIVE_COMPILATION_CONDITIONS = DEBUG;
				SWIFT_OPTIMIZATION_LEVEL = "-Onone";
			};
			name = Debug;
		};
		DC870531262A1453007AF4B5 /* Release */ = {
			isa = XCBuildConfiguration;
			buildSettings = {
				ALWAYS_SEARCH_USER_PATHS = NO;
				CLANG_ANALYZER_NONNULL = YES;
				CLANG_ANALYZER_NUMBER_OBJECT_CONVERSION = YES_AGGRESSIVE;
				CLANG_CXX_LANGUAGE_STANDARD = "gnu++14";
				CLANG_CXX_LIBRARY = "libc++";
				CLANG_ENABLE_MODULES = YES;
				CLANG_ENABLE_OBJC_ARC = YES;
				CLANG_ENABLE_OBJC_WEAK = YES;
				CLANG_WARN_BLOCK_CAPTURE_AUTORELEASING = YES;
				CLANG_WARN_BOOL_CONVERSION = YES;
				CLANG_WARN_COMMA = YES;
				CLANG_WARN_CONSTANT_CONVERSION = YES;
				CLANG_WARN_DEPRECATED_OBJC_IMPLEMENTATIONS = YES;
				CLANG_WARN_DIRECT_OBJC_ISA_USAGE = YES_ERROR;
				CLANG_WARN_DOCUMENTATION_COMMENTS = YES;
				CLANG_WARN_EMPTY_BODY = YES;
				CLANG_WARN_ENUM_CONVERSION = YES;
				CLANG_WARN_INFINITE_RECURSION = YES;
				CLANG_WARN_INT_CONVERSION = YES;
				CLANG_WARN_NON_LITERAL_NULL_CONVERSION = YES;
				CLANG_WARN_OBJC_IMPLICIT_RETAIN_SELF = YES;
				CLANG_WARN_OBJC_LITERAL_CONVERSION = YES;
				CLANG_WARN_OBJC_ROOT_CLASS = YES_ERROR;
				CLANG_WARN_QUOTED_INCLUDE_IN_FRAMEWORK_HEADER = YES;
				CLANG_WARN_RANGE_LOOP_ANALYSIS = YES;
				CLANG_WARN_STRICT_PROTOTYPES = YES;
				CLANG_WARN_SUSPICIOUS_MOVE = YES;
				CLANG_WARN_UNGUARDED_AVAILABILITY = YES_AGGRESSIVE;
				CLANG_WARN_UNREACHABLE_CODE = YES;
				CLANG_WARN__DUPLICATE_METHOD_MATCH = YES;
				COPY_PHASE_STRIP = NO;
				DEBUG_INFORMATION_FORMAT = "dwarf-with-dsym";
				ENABLE_NS_ASSERTIONS = NO;
				ENABLE_STRICT_OBJC_MSGSEND = YES;
				GCC_C_LANGUAGE_STANDARD = gnu11;
				GCC_NO_COMMON_BLOCKS = YES;
				GCC_WARN_64_TO_32_BIT_CONVERSION = YES;
				GCC_WARN_ABOUT_RETURN_TYPE = YES_ERROR;
				GCC_WARN_UNDECLARED_SELECTOR = YES;
				GCC_WARN_UNINITIALIZED_AUTOS = YES_AGGRESSIVE;
				GCC_WARN_UNUSED_FUNCTION = YES;
				GCC_WARN_UNUSED_VARIABLE = YES;
				IPHONEOS_DEPLOYMENT_TARGET = 14.4;
				MTL_ENABLE_DEBUG_INFO = NO;
				MTL_FAST_MATH = YES;
				SDKROOT = iphoneos;
				SWIFT_COMPILATION_MODE = wholemodule;
				SWIFT_OPTIMIZATION_LEVEL = "-O";
				VALIDATE_PRODUCT = YES;
			};
			name = Release;
		};
		DC870533262A1453007AF4B5 /* Debug */ = {
			isa = XCBuildConfiguration;
			buildSettings = {
				ASSETCATALOG_COMPILER_APPICON_NAME = AppIcon;
				ASSETCATALOG_COMPILER_GLOBAL_ACCENT_COLOR_NAME = AccentColor;
				CODE_SIGN_STYLE = Automatic;
				DEVELOPMENT_TEAM = L3VS22UX5J;
				INFOPLIST_FILE = RobustaTask/Info.plist;
				IPHONEOS_DEPLOYMENT_TARGET = 13.0;
				LD_RUNPATH_SEARCH_PATHS = (
					"$(inherited)",
					"@executable_path/Frameworks",
				);
				PRODUCT_BUNDLE_IDENTIFIER = com.slideup.menud.RobustaTask;
				PRODUCT_NAME = "$(TARGET_NAME)";
				SWIFT_VERSION = 5.0;
				TARGETED_DEVICE_FAMILY = "1,2";
			};
			name = Debug;
		};
		DC870534262A1453007AF4B5 /* Release */ = {
			isa = XCBuildConfiguration;
			buildSettings = {
				ASSETCATALOG_COMPILER_APPICON_NAME = AppIcon;
				ASSETCATALOG_COMPILER_GLOBAL_ACCENT_COLOR_NAME = AccentColor;
				CODE_SIGN_STYLE = Automatic;
				DEVELOPMENT_TEAM = L3VS22UX5J;
				INFOPLIST_FILE = RobustaTask/Info.plist;
				IPHONEOS_DEPLOYMENT_TARGET = 13.0;
				LD_RUNPATH_SEARCH_PATHS = (
					"$(inherited)",
					"@executable_path/Frameworks",
				);
				PRODUCT_BUNDLE_IDENTIFIER = com.slideup.menud.RobustaTask;
				PRODUCT_NAME = "$(TARGET_NAME)";
				SWIFT_VERSION = 5.0;
				TARGETED_DEVICE_FAMILY = "1,2";
			};
			name = Release;
		};
/* End XCBuildConfiguration section */

/* Begin XCConfigurationList section */
		DC870519262A1452007AF4B5 /* Build configuration list for PBXProject "RobustaTask" */ = {
			isa = XCConfigurationList;
			buildConfigurations = (
				DC870530262A1453007AF4B5 /* Debug */,
				DC870531262A1453007AF4B5 /* Release */,
			);
			defaultConfigurationIsVisible = 0;
			defaultConfigurationName = Release;
		};
		DC870532262A1453007AF4B5 /* Build configuration list for PBXNativeTarget "RobustaTask" */ = {
			isa = XCConfigurationList;
			buildConfigurations = (
				DC870533262A1453007AF4B5 /* Debug */,
				DC870534262A1453007AF4B5 /* Release */,
			);
			defaultConfigurationIsVisible = 0;
			defaultConfigurationName = Release;
		};
/* End XCConfigurationList section */
	};
	rootObject = DC870516262A1452007AF4B5 /* Project object */;
}
